<?xml version="1.0" encoding="utf-8"?>
<Project ToolsVersion="4.0" xmlns="http://schemas.microsoft.com/developer/msbuild/2003">
  <ItemGroup>
    <Filter Include="Source Files">
      <UniqueIdentifier>{4FC737F1-C7A5-4376-A066-2A32D752A2FF}</UniqueIdentifier>
      <Extensions>cpp;c;cc;cxx;def;odl;idl;hpj;bat;asm;asmx</Extensions>
    </Filter>
    <Filter Include="Header Files">
      <UniqueIdentifier>{93995380-89BD-4b04-88EB-625FBE52EBFB}</UniqueIdentifier>
      <Extensions>h;hh;hpp;hxx;hm;inl;inc;ipp;xsd</Extensions>
    </Filter>
    <Filter Include="Resource Files">
      <UniqueIdentifier>{67DA6AB6-F800-4c08-8B7A-83BB121AAD01}</UniqueIdentifier>
      <Extensions>rc;ico;cur;bmp;dlg;rc2;rct;bin;rgs;gif;jpg;jpeg;jpe;resx;tiff;tif;png;wav;mfcribbon-ms</Extensions>
    </Filter>
    <Filter Include="Source Files\Enumerations">
      <UniqueIdentifier>{4c12b5cc-6d54-4637-82c6-13614a7407b0}</UniqueIdentifier>
    </Filter>
    <Filter Include="Header Files\Enumerations">
      <UniqueIdentifier>{45f5f70e-e951-416e-8479-76c00600e4f5}</UniqueIdentifier>
    </Filter>
    <Filter Include="Header Files\Battles">
      <UniqueIdentifier>{83c1ec27-c42d-4ed7-b337-a0da535f3311}</UniqueIdentifier>
    </Filter>
    <Filter Include="Source Files\Battles">
      <UniqueIdentifier>{eb96905a-1109-44eb-a28f-493e986f4e0f}</UniqueIdentifier>
    </Filter>
    <Filter Include="Text Files">
      <UniqueIdentifier>{b8aa9748-ba25-488f-9a51-a05c448632d1}</UniqueIdentifier>
    </Filter>
  </ItemGroup>
  <ItemGroup>
    <ClCompile Include="main.cpp">
      <Filter>Source Files</Filter>
    </ClCompile>
    <ClCompile Include="Random.cpp">
      <Filter>Source Files</Filter>
    </ClCompile>
    <ClCompile Include="unitType.cpp">
      <Filter>Source Files\Enumerations</Filter>
    </ClCompile>
    <ClCompile Include="outcome.cpp">
      <Filter>Source Files\Enumerations</Filter>
    </ClCompile>
    <ClCompile Include="monsterType.cpp">
      <Filter>Source Files\Enumerations</Filter>
    </ClCompile>
    <ClCompile Include="faction.cpp">
      <Filter>Source Files\Enumerations</Filter>
    </ClCompile>
    <ClCompile Include="equipmentType.cpp">
      <Filter>Source Files\Enumerations</Filter>
    </ClCompile>
    <ClCompile Include="defenses.cpp">
      <Filter>Source Files\Enumerations</Filter>
    </ClCompile>
    <ClCompile Include="battleType.cpp">
      <Filter>Source Files\Enumerations</Filter>
    </ClCompile>
    <ClCompile Include="EnumerationConversions.cpp">
      <Filter>Source Files</Filter>
    </ClCompile>
    <ClCompile Include="ValueAssurance.cpp">
      <Filter>Source Files</Filter>
    </ClCompile>
    <ClCompile Include="Equipment.cpp">
      <Filter>Source Files</Filter>
    </ClCompile>
    <ClCompile Include="Unit.cpp">
      <Filter>Source Files</Filter>
    </ClCompile>
    <ClCompile Include="Monster.cpp">
      <Filter>Source Files</Filter>
    </ClCompile>
    <ClCompile Include="Treasure.cpp">
      <Filter>Source Files</Filter>
    </ClCompile>
    <ClCompile Include="CSVDataReader.cpp">
      <Filter>Source Files</Filter>
    </ClCompile>
    <ClCompile Include="CSVRow.cpp">
      <Filter>Source Files</Filter>
    </ClCompile>
    <ClCompile Include="General.cpp">
      <Filter>Source Files</Filter>
    </ClCompile>
    <ClCompile Include="TownStats.cpp">
      <Filter>Source Files</Filter>
    </ClCompile>
    <ClCompile Include="Roster.cpp">
      <Filter>Source Files</Filter>
    </ClCompile>
    <ClCompile Include="Player.cpp">
      <Filter>Source Files</Filter>
    </ClCompile>
    <ClCompile Include="generalState.cpp">
      <Filter>Source Files\Enumerations</Filter>
    </ClCompile>
    <ClCompile Include="Battle.cpp">
      <Filter>Source Files\Battles</Filter>
    </ClCompile>
    <ClCompile Include="NormalBattle.cpp">
      <Filter>Source Files\Battles</Filter>
    </ClCompile>
    <ClCompile Include="MonsterBattle.cpp">
      <Filter>Source Files\Battles</Filter>
    </ClCompile>
    <ClCompile Include="NavalBattle.cpp">
      <Filter>Source Files\Battles</Filter>
    </ClCompile>
    <ClCompile Include="RaidBattle.cpp">
      <Filter>Source Files\Battles</Filter>
    </ClCompile>
    <ClCompile Include="SiegeBattle.cpp">
      <Filter>Source Files\Battles</Filter>
    </ClCompile>
    <ClCompile Include="TestBattle.cpp">
      <Filter>Source Files\Battles</Filter>
    </ClCompile>
    <ClCompile Include="BattleData.cpp">
      <Filter>Source Files\Battles</Filter>
    </ClCompile>
  </ItemGroup>
  <ItemGroup>
    <ClInclude Include="Random.h">
      <Filter>Header Files</Filter>
    </ClInclude>
    <ClInclude Include="battleType.h">
      <Filter>Header Files\Enumerations</Filter>
    </ClInclude>
    <ClInclude Include="defenses.h">
      <Filter>Header Files\Enumerations</Filter>
    </ClInclude>
    <ClInclude Include="equipmentType.h">
      <Filter>Header Files\Enumerations</Filter>
    </ClInclude>
    <ClInclude Include="faction.h">
      <Filter>Header Files\Enumerations</Filter>
    </ClInclude>
    <ClInclude Include="monsterType.h">
      <Filter>Header Files\Enumerations</Filter>
    </ClInclude>
    <ClInclude Include="outcome.h">
      <Filter>Header Files\Enumerations</Filter>
    </ClInclude>
    <ClInclude Include="unitType.h">
      <Filter>Header Files\Enumerations</Filter>
    </ClInclude>
    <ClInclude Include="EnumerationConversions.h">
      <Filter>Header Files</Filter>
    </ClInclude>
    <ClInclude Include="ValueAssurance.h">
      <Filter>Header Files</Filter>
    </ClInclude>
    <ClInclude Include="Equipment.h">
      <Filter>Header Files</Filter>
    </ClInclude>
    <ClInclude Include="Unit.h">
      <Filter>Header Files</Filter>
    </ClInclude>
    <ClInclude Include="Monster.h">
      <Filter>Header Files</Filter>
    </ClInclude>
    <ClInclude Include="Treasure.h">
      <Filter>Header Files</Filter>
    </ClInclude>
    <ClInclude Include="CSVDataReader.h">
      <Filter>Header Files</Filter>
    </ClInclude>
    <ClInclude Include="CSVRow.h">
      <Filter>Header Files</Filter>
    </ClInclude>
    <ClInclude Include="General.h">
      <Filter>Header Files</Filter>
    </ClInclude>
    <ClInclude Include="TownStats.h">
      <Filter>Header Files</Filter>
    </ClInclude>
    <ClInclude Include="Roster.h">
      <Filter>Header Files</Filter>
    </ClInclude>
    <ClInclude Include="Player.h">
      <Filter>Header Files</Filter>
    </ClInclude>
    <ClInclude Include="generalState.h">
      <Filter>Header Files\Enumerations</Filter>
    </ClInclude>
    <ClInclude Include="Battle.h">
      <Filter>Header Files\Battles</Filter>
    </ClInclude>
    <ClInclude Include="MonsterBattle.h">
      <Filter>Header Files\Battles</Filter>
    </ClInclude>
    <ClInclude Include="NavalBattle.h">
      <Filter>Header Files\Battles</Filter>
    </ClInclude>
    <ClInclude Include="NormalBattle.h">
      <Filter>Header Files\Battles</Filter>
    </ClInclude>
    <ClInclude Include="RaidBattle.h">
      <Filter>Header Files\Battles</Filter>
    </ClInclude>
    <ClInclude Include="SiegeBattle.h">
      <Filter>Header Files\Battles</Filter>
    </ClInclude>
    <ClInclude Include="TestBattle.h">
      <Filter>Header Files\Battles</Filter>
    </ClInclude>
    <ClInclude Include="BattleData.h">
      <Filter>Header Files\Battles</Filter>
    </ClInclude>
  </ItemGroup>
  <ItemGroup>
    <None Include="BattleData.csv" />
  </ItemGroup>
  <ItemGroup>
    <Text Include="units.txt">
      <Filter>Text Files</Filter>
    </Text>
    <Text Include="DataCapture.txt">
      <Filter>Text Files</Filter>
    </Text>
    <Text Include="equipment.txt">
      <Filter>Text Files</Filter>
    </Text>
    <Text Include="IODescr.txt">
      <Filter>Text Files</Filter>
    </Text>
    <Text Include="MonsterData.txt">
      <Filter>Text Files</Filter>
    </Text>
    <Text Include="NavalData.txt">
      <Filter>Text Files</Filter>
    </Text>
    <Text Include="NormalData.txt">
      <Filter>Text Files</Filter>
    </Text>
    <Text Include="RaidData.txt">
      <Filter>Text Files</Filter>
    </Text>
    <Text Include="SiegeData.txt">
      <Filter>Text Files</Filter>
    </Text>
  </ItemGroup>
</Project>